<?xml version="1.0" encoding="utf-8"?>
<Project ToolsVersion="4.0" xmlns="http://schemas.microsoft.com/developer/msbuild/2003">
  <ItemGroup>
    <Filter Include="Source Files">
      <UniqueIdentifier>{4FC737F1-C7A5-4376-A066-2A32D752A2FF}</UniqueIdentifier>
      <Extensions>cpp;c;cc;cxx;def;odl;idl;hpj;bat;asm;asmx</Extensions>
    </Filter>
    <Filter Include="Header Files">
      <UniqueIdentifier>{93995380-89BD-4b04-88EB-625FBE52EBFB}</UniqueIdentifier>
      <Extensions>h;hh;hpp;hxx;hm;inl;inc;ipp;xsd</Extensions>
    </Filter>
    <Filter Include="Resource Files">
      <UniqueIdentifier>{67DA6AB6-F800-4c08-8B7A-83BB121AAD01}</UniqueIdentifier>
      <Extensions>rc;ico;cur;bmp;dlg;rc2;rct;bin;rgs;gif;jpg;jpeg;jpe;resx;tiff;tif;png;wav;mfcribbon-ms</Extensions>
    </Filter>
    <Filter Include="ImGui">
      <UniqueIdentifier>{f2003d7f-58ff-45d3-a350-5dedc54155cc}</UniqueIdentifier>
    </Filter>
    <Filter Include="MinHook">
      <UniqueIdentifier>{abb81056-ae28-482f-bc7b-83dc3b12cb58}</UniqueIdentifier>
    </Filter>
  </ItemGroup>
  <ItemGroup>
    <ClInclude Include="framework.h">
      <Filter>Header Files</Filter>
    </ClInclude>
    <ClInclude Include="MinHook\include\MinHook.h">
      <Filter>MinHook</Filter>
    </ClInclude>
    <ClInclude Include="MinHook\src\buffer.h">
      <Filter>MinHook</Filter>
    </ClInclude>
    <ClInclude Include="MinHook\src\trampoline.h">
      <Filter>MinHook</Filter>
    </ClInclude>
    <ClInclude Include="MinHook\src\HDE\hde32.h">
      <Filter>MinHook</Filter>
    </ClInclude>
    <ClInclude Include="MinHook\src\HDE\hde64.h">
      <Filter>MinHook</Filter>
    </ClInclude>
    <ClInclude Include="MinHook\src\HDE\pstdint.h">
      <Filter>MinHook</Filter>
    </ClInclude>
    <ClInclude Include="MinHook\src\HDE\table32.h">
      <Filter>MinHook</Filter>
    </ClInclude>
    <ClInclude Include="MinHook\src\HDE\table64.h">
      <Filter>MinHook</Filter>
    </ClInclude>
    <ClInclude Include="AddressLookupTable.h">
      <Filter>Header Files</Filter>
    </ClInclude>
    <ClInclude Include="dinput8.h">
      <Filter>Header Files</Filter>
    </ClInclude>
    <ClInclude Include="IClassFactory.h">
      <Filter>Header Files</Filter>
    </ClInclude>
    <ClInclude Include="IDirectInput8A.h">
      <Filter>Header Files</Filter>
    </ClInclude>
    <ClInclude Include="IDirectInput8W.h">
      <Filter>Header Files</Filter>
    </ClInclude>
    <ClInclude Include="IDirectInputDevice8A.h">
      <Filter>Header Files</Filter>
    </ClInclude>
    <ClInclude Include="IDirectInputDevice8W.h">
      <Filter>Header Files</Filter>
    </ClInclude>
    <ClInclude Include="IDirectInputEffect.h">
      <Filter>Header Files</Filter>
    </ClInclude>
    <ClInclude Include="IDirectInputEnumDevice.h">
      <Filter>Header Files</Filter>
    </ClInclude>
    <ClInclude Include="IDirectInputEnumEffect.h">
      <Filter>Header Files</Filter>
    </ClInclude>
    <ClInclude Include="InputHook.h">
      <Filter>Header Files</Filter>
    </ClInclude>
    <ClInclude Include="Menu.h">
      <Filter>Header Files</Filter>
    </ClInclude>
    <ClInclude Include="stdafx.h">
      <Filter>Header Files</Filter>
    </ClInclude>
    <ClInclude Include="ImGui\imconfig.h">
      <Filter>ImGui</Filter>
    </ClInclude>
    <ClInclude Include="ImGui\imgui.h">
      <Filter>ImGui</Filter>
    </ClInclude>
    <ClInclude Include="ImGui\imgui_internal.h">
      <Filter>ImGui</Filter>
    </ClInclude>
    <ClInclude Include="ImGui\imstb_rectpack.h">
      <Filter>ImGui</Filter>
    </ClInclude>
    <ClInclude Include="ImGui\imstb_textedit.h">
      <Filter>ImGui</Filter>
    </ClInclude>
    <ClInclude Include="ImGui\imstb_truetype.h">
      <Filter>ImGui</Filter>
    </ClInclude>
    <ClInclude Include="d3d11hook.h">
      <Filter>Header Files</Filter>
    </ClInclude>
    <ClInclude Include="imgui_impl_dx11.h">
      <Filter>Header Files</Filter>
    </ClInclude>
    <ClInclude Include="DbgSettings.h">
      <Filter>Header Files</Filter>
    </ClInclude>
    <ClInclude Include="Globals.h">
      <Filter>Header Files</Filter>
    </ClInclude>
  </ItemGroup>
  <ItemGroup>
    <ClCompile Include="dllmain.cpp">
      <Filter>Source Files</Filter>
    </ClCompile>
    <ClCompile Include="MinHook\src\buffer.c">
      <Filter>MinHook</Filter>
    </ClCompile>
    <ClCompile Include="MinHook\src\hook.c">
      <Filter>MinHook</Filter>
    </ClCompile>
    <ClCompile Include="MinHook\src\trampoline.c">
      <Filter>MinHook</Filter>
    </ClCompile>
    <ClCompile Include="MinHook\src\HDE\hde32.c">
      <Filter>MinHook</Filter>
    </ClCompile>
    <ClCompile Include="MinHook\src\HDE\hde64.c">
      <Filter>MinHook</Filter>
    </ClCompile>
    <ClCompile Include="IClassFactory.cpp">
      <Filter>Source Files</Filter>
    </ClCompile>
    <ClCompile Include="IDirectInput8A.cpp">
      <Filter>Source Files</Filter>
    </ClCompile>
    <ClCompile Include="IDirectInput8W.cpp">
      <Filter>Source Files</Filter>
    </ClCompile>
    <ClCompile Include="IDirectInputDevice8A.cpp">
      <Filter>Source Files</Filter>
    </ClCompile>
    <ClCompile Include="IDirectInputDevice8W.cpp">
      <Filter>Source Files</Filter>
    </ClCompile>
    <ClCompile Include="IDirectInputEffect.cpp">
      <Filter>Source Files</Filter>
    </ClCompile>
    <ClCompile Include="IDirectInputEnumDevice.cpp">
      <Filter>Source Files</Filter>
    </ClCompile>
    <ClCompile Include="IDirectInputEnumEffect.cpp">
      <Filter>Source Files</Filter>
    </ClCompile>
    <ClCompile Include="InputHook.cpp">
      <Filter>Source Files</Filter>
    </ClCompile>
    <ClCompile Include="InterfaceQuery.cpp">
      <Filter>Source Files</Filter>
    </ClCompile>
    <ClCompile Include="Menu.cpp">
      <Filter>Source Files</Filter>
    </ClCompile>
    <ClCompile Include="ImGui\imgui.cpp">
      <Filter>ImGui</Filter>
    </ClCompile>
    <ClCompile Include="ImGui\imgui_demo.cpp">
      <Filter>ImGui</Filter>
    </ClCompile>
    <ClCompile Include="ImGui\imgui_draw.cpp">
      <Filter>ImGui</Filter>
    </ClCompile>
    <ClCompile Include="ImGui\imgui_widgets.cpp">
      <Filter>ImGui</Filter>
    </ClCompile>
    <ClCompile Include="d3d11hook.cpp">
      <Filter>Source Files</Filter>
    </ClCompile>
    <ClCompile Include="imgui_impl_dx11.cpp">
      <Filter>Source Files</Filter>
    </ClCompile>
  </ItemGroup>
  <ItemGroup>
    <MASM Include="_CameraFix.asm">
      <Filter>Source Files</Filter>
    </MASM>
    <MASM Include="_EsdDbgLogOutput.asm">
      <Filter>Source Files</Filter>
    </MASM>
    <MASM Include="_LoadMsbNames.asm">
      <Filter>Source Files</Filter>
    </MASM>
    <MASM Include="_DebugMenu.asm">
      <Filter>Source Files</Filter>
    </MASM>
    <MASM Include="_DebugDash.asm">
      <Filter>Source Files</Filter>
    </MASM>
    <MASM Include="_DebugDraw.asm">
      <Filter>Source Files</Filter>
    </MASM>
    <MASM Include="_DbgSettings.asm">
      <Filter>Source Files</Filter>
    </MASM>
    <MASM Include="_DbgMenuAdditions.asm">
      <Filter>Source Files</Filter>
    </MASM>
    <MASM Include="_FreeCam.asm">
      <Filter>Source Files</Filter>
    </MASM>
  </ItemGroup>
</Project>